
Microsoft Visual Studio Solution File, Format Version 12.00
# Visual Studio Version 17
VisualStudioVersion = 17.4.33213.308
MinimumVisualStudioVersion = 10.0.40219.1
Project("{FAE04EC0-301F-11D3-BF4B-00C04F79EFBC}") = "DNSCitySelectorTest", "DNSCitySelectorTest.csproj", "{A64084AF-F6F7-4408-AB05-8FF9ABEED2CE}"
EndProject
Global
	GlobalSection(SolutionConfigurationPlatforms) = preSolution
		Debug|Any CPU = Debug|Any CPU
		Release|Any CPU = Release|Any CPU
	EndGlobalSection
	GlobalSection(ProjectConfigurationPlatforms) = postSolution
		{A64084AF-F6F7-4408-AB05-8FF9ABEED2CE}.Debug|Any CPU.ActiveCfg = Debug|Any CPU
		{A64084AF-F6F7-4408-AB05-8FF9ABEED2CE}.Debug|Any CPU.Build.0 = Debug|Any CPU
		{A64084AF-F6F7-4408-AB05-8FF9ABEED2CE}.Release|Any CPU.ActiveCfg = Release|Any CPU
		{A64084AF-F6F7-4408-AB05-8FF9ABEED2CE}.Release|Any CPU.Build.0 = Release|Any CPU
	EndGlobalSection
	GlobalSection(SolutionProperties) = preSolution
		HideSolutionNode = FALSE
	EndGlobalSection
	GlobalSection(ExtensibilityGlobals) = postSolution
		SolutionGuid = {CD33E091-3324-48BA-8E17-9EB8CFFBD920}
	EndGlobalSection
EndGlobal
